
Microsoft Visual Studio Solution File, Format Version 12.00
# Visual Studio 15
VisualStudioVersion = 15.0.26124.0
MinimumVisualStudioVersion = 15.0.26124.0
Project("{FAE04EC0-301F-11D3-BF4B-00C04F79EFBC}") = "BelaVista.API", "BelaVista.API\BelaVista.API.csproj", "{849BC9E8-573B-414F-B875-6FA43A9E2F57}"
EndProject
Project("{FAE04EC0-301F-11D3-BF4B-00C04F79EFBC}") = "BelaVista.Entity", "BelaVista.Entity\BelaVista.Entity.csproj", "{5363C775-2069-487B-A87D-4F3069FB0A37}"
EndProject
Project("{FAE04EC0-301F-11D3-BF4B-00C04F79EFBC}") = "BelaVista.Repository", "BelaVista.Repository\BelaVista.Repository.csproj", "{D190BF2E-A77C-4B6E-9C39-B2C2D25DE8D0}"
EndProject
Global
	GlobalSection(SolutionConfigurationPlatforms) = preSolution
		Debug|Any CPU = Debug|Any CPU
		Debug|x64 = Debug|x64
		Debug|x86 = Debug|x86
		Release|Any CPU = Release|Any CPU
		Release|x64 = Release|x64
		Release|x86 = Release|x86
	EndGlobalSection
	GlobalSection(SolutionProperties) = preSolution
		HideSolutionNode = FALSE
	EndGlobalSection
	GlobalSection(ProjectConfigurationPlatforms) = postSolution
		{849BC9E8-573B-414F-B875-6FA43A9E2F57}.Debug|Any CPU.ActiveCfg = Debug|Any CPU
		{849BC9E8-573B-414F-B875-6FA43A9E2F57}.Debug|Any CPU.Build.0 = Debug|Any CPU
		{849BC9E8-573B-414F-B875-6FA43A9E2F57}.Debug|x64.ActiveCfg = Debug|Any CPU
		{849BC9E8-573B-414F-B875-6FA43A9E2F57}.Debug|x64.Build.0 = Debug|Any CPU
		{849BC9E8-573B-414F-B875-6FA43A9E2F57}.Debug|x86.ActiveCfg = Debug|Any CPU
		{849BC9E8-573B-414F-B875-6FA43A9E2F57}.Debug|x86.Build.0 = Debug|Any CPU
		{849BC9E8-573B-414F-B875-6FA43A9E2F57}.Release|Any CPU.ActiveCfg = Release|Any CPU
		{849BC9E8-573B-414F-B875-6FA43A9E2F57}.Release|Any CPU.Build.0 = Release|Any CPU
		{849BC9E8-573B-414F-B875-6FA43A9E2F57}.Release|x64.ActiveCfg = Release|Any CPU
		{849BC9E8-573B-414F-B875-6FA43A9E2F57}.Release|x64.Build.0 = Release|Any CPU
		{849BC9E8-573B-414F-B875-6FA43A9E2F57}.Release|x86.ActiveCfg = Release|Any CPU
		{849BC9E8-573B-414F-B875-6FA43A9E2F57}.Release|x86.Build.0 = Release|Any CPU
		{5363C775-2069-487B-A87D-4F3069FB0A37}.Debug|Any CPU.ActiveCfg = Debug|Any CPU
		{5363C775-2069-487B-A87D-4F3069FB0A37}.Debug|Any CPU.Build.0 = Debug|Any CPU
		{5363C775-2069-487B-A87D-4F3069FB0A37}.Debug|x64.ActiveCfg = Debug|Any CPU
		{5363C775-2069-487B-A87D-4F3069FB0A37}.Debug|x64.Build.0 = Debug|Any CPU
		{5363C775-2069-487B-A87D-4F3069FB0A37}.Debug|x86.ActiveCfg = Debug|Any CPU
		{5363C775-2069-487B-A87D-4F3069FB0A37}.Debug|x86.Build.0 = Debug|Any CPU
		{5363C775-2069-487B-A87D-4F3069FB0A37}.Release|Any CPU.ActiveCfg = Release|Any CPU
		{5363C775-2069-487B-A87D-4F3069FB0A37}.Release|Any CPU.Build.0 = Release|Any CPU
		{5363C775-2069-487B-A87D-4F3069FB0A37}.Release|x64.ActiveCfg = Release|Any CPU
		{5363C775-2069-487B-A87D-4F3069FB0A37}.Release|x64.Build.0 = Release|Any CPU
		{5363C775-2069-487B-A87D-4F3069FB0A37}.Release|x86.ActiveCfg = Release|Any CPU
		{5363C775-2069-487B-A87D-4F3069FB0A37}.Release|x86.Build.0 = Release|Any CPU
		{D190BF2E-A77C-4B6E-9C39-B2C2D25DE8D0}.Debug|Any CPU.ActiveCfg = Debug|Any CPU
		{D190BF2E-A77C-4B6E-9C39-B2C2D25DE8D0}.Debug|Any CPU.Build.0 = Debug|Any CPU
		{D190BF2E-A77C-4B6E-9C39-B2C2D25DE8D0}.Debug|x64.ActiveCfg = Debug|Any CPU
		{D190BF2E-A77C-4B6E-9C39-B2C2D25DE8D0}.Debug|x64.Build.0 = Debug|Any CPU
		{D190BF2E-A77C-4B6E-9C39-B2C2D25DE8D0}.Debug|x86.ActiveCfg = Debug|Any CPU
		{D190BF2E-A77C-4B6E-9C39-B2C2D25DE8D0}.Debug|x86.Build.0 = Debug|Any CPU
		{D190BF2E-A77C-4B6E-9C39-B2C2D25DE8D0}.Release|Any CPU.ActiveCfg = Release|Any CPU
		{D190BF2E-A77C-4B6E-9C39-B2C2D25DE8D0}.Release|Any CPU.Build.0 = Release|Any CPU
		{D190BF2E-A77C-4B6E-9C39-B2C2D25DE8D0}.Release|x64.ActiveCfg = Release|Any CPU
		{D190BF2E-A77C-4B6E-9C39-B2C2D25DE8D0}.Release|x64.Build.0 = Release|Any CPU
		{D190BF2E-A77C-4B6E-9C39-B2C2D25DE8D0}.Release|x86.ActiveCfg = Release|Any CPU
		{D190BF2E-A77C-4B6E-9C39-B2C2D25DE8D0}.Release|x86.Build.0 = Release|Any CPU
	EndGlobalSection
EndGlobal
